
Microsoft Visual Studio Solution File, Format Version 12.00
# Visual Studio Version 17
VisualStudioVersion = 17.0.32112.339
MinimumVisualStudioVersion = 10.0.40219.1
Project("{9A19103F-16F7-4668-BE54-9A1E7A4F7556}") = "AccessHistoryService", "AccessHistoryService\AccessHistoryService.csproj", "{5F8E80B4-0565-4C7F-BA7A-E02B1F46B2FF}"
EndProject
Project("{9A19103F-16F7-4668-BE54-9A1E7A4F7556}") = "AccessHistoryService.Tests", "AccessHistoryService.Tests\AccessHistoryService.Tests.csproj", "{EA626826-0CF1-4410-9EE6-0D7465432408}"
EndProject
Global
	GlobalSection(SolutionConfigurationPlatforms) = preSolution
		Debug|Any CPU = Debug|Any CPU
		Release|Any CPU = Release|Any CPU
	EndGlobalSection
	GlobalSection(ProjectConfigurationPlatforms) = postSolution
		{5F8E80B4-0565-4C7F-BA7A-E02B1F46B2FF}.Debug|Any CPU.ActiveCfg = Debug|Any CPU
		{5F8E80B4-0565-4C7F-BA7A-E02B1F46B2FF}.Debug|Any CPU.Build.0 = Debug|Any CPU
		{5F8E80B4-0565-4C7F-BA7A-E02B1F46B2FF}.Release|Any CPU.ActiveCfg = Release|Any CPU
		{5F8E80B4-0565-4C7F-BA7A-E02B1F46B2FF}.Release|Any CPU.Build.0 = Release|Any CPU
		{EA626826-0CF1-4410-9EE6-0D7465432408}.Debug|Any CPU.ActiveCfg = Debug|Any CPU
		{EA626826-0CF1-4410-9EE6-0D7465432408}.Debug|Any CPU.Build.0 = Debug|Any CPU
		{EA626826-0CF1-4410-9EE6-0D7465432408}.Release|Any CPU.ActiveCfg = Release|Any CPU
		{EA626826-0CF1-4410-9EE6-0D7465432408}.Release|Any CPU.Build.0 = Release|Any CPU
	EndGlobalSection
	GlobalSection(SolutionProperties) = preSolution
		HideSolutionNode = FALSE
	EndGlobalSection
	GlobalSection(ExtensibilityGlobals) = postSolution
		SolutionGuid = {3E09373E-B382-4C67-B3D4-CFAD4F5DD596}
	EndGlobalSection
EndGlobal
